// !$*UTF8*$!
{
	archiveVersion = 1;
	classes = {
	};
	objectVersion = 50;
	objects = {

/* Begin PBXBuildFile section */
		219C7F2D219171FC004CCB69 /* MacroFile.swift in Sources */ = {isa = PBXBuildFile; fileRef = 219C7F2C219171FC004CCB69 /* MacroFile.swift */; };
		219C7F302191781F004CCB69 /* MyTableViewCell.swift in Sources */ = {isa = PBXBuildFile; fileRef = 219C7F2E2191781F004CCB69 /* MyTableViewCell.swift */; };
		219C7F312191781F004CCB69 /* MyTableViewCell.xib in Resources */ = {isa = PBXBuildFile; fileRef = 219C7F2F2191781F004CCB69 /* MyTableViewCell.xib */; };
		219C7F3521918794004CCB69 /* SecondViewController.m in Sources */ = {isa = PBXBuildFile; fileRef = 219C7F3421918794004CCB69 /* SecondViewController.m */; };
		21DF452121941B820027E4EE /* BaseUrl.plist in Resources */ = {isa = PBXBuildFile; fileRef = 21DF452021941B820027E4EE /* BaseUrl.plist */; };
		21E06D61207B451A0011D46C /* AppDelegate.swift in Sources */ = {isa = PBXBuildFile; fileRef = 21E06D60207B451A0011D46C /* AppDelegate.swift */; };
		21E06D63207B451A0011D46C /* ViewController.swift in Sources */ = {isa = PBXBuildFile; fileRef = 21E06D62207B451A0011D46C /* ViewController.swift */; };
		21E06D66207B451A0011D46C /* Main.storyboard in Resources */ = {isa = PBXBuildFile; fileRef = 21E06D64207B451A0011D46C /* Main.storyboard */; };
		21E06D68207B451C0011D46C /* Assets.xcassets in Resources */ = {isa = PBXBuildFile; fileRef = 21E06D67207B451C0011D46C /* Assets.xcassets */; };
		21E06D6B207B451C0011D46C /* LaunchScreen.storyboard in Resources */ = {isa = PBXBuildFile; fileRef = 21E06D69207B451C0011D46C /* LaunchScreen.storyboard */; };
/* End PBXBuildFile section */

/* Begin PBXFileReference section */
		219C7F2C219171FC004CCB69 /* MacroFile.swift */ = {isa = PBXFileReference; lastKnownFileType = sourcecode.swift; path = MacroFile.swift; sourceTree = "<group>"; };
		219C7F2E2191781F004CCB69 /* MyTableViewCell.swift */ = {isa = PBXFileReference; lastKnownFileType = sourcecode.swift; path = MyTableViewCell.swift; sourceTree = "<group>"; };
		219C7F2F2191781F004CCB69 /* MyTableViewCell.xib */ = {isa = PBXFileReference; lastKnownFileType = file.xib; path = MyTableViewCell.xib; sourceTree = "<group>"; };
		219C7F3221918794004CCB69 /* SwiftDemo-Bridging-Header.h */ = {isa = PBXFileReference; lastKnownFileType = sourcecode.c.h; path = "SwiftDemo-Bridging-Header.h"; sourceTree = "<group>"; };
		219C7F3321918794004CCB69 /* SecondViewController.h */ = {isa = PBXFileReference; lastKnownFileType = sourcecode.c.h; path = SecondViewController.h; sourceTree = "<group>"; };
		219C7F3421918794004CCB69 /* SecondViewController.m */ = {isa = PBXFileReference; lastKnownFileType = sourcecode.c.objc; path = SecondViewController.m; sourceTree = "<group>"; };
		21DF452021941B820027E4EE /* BaseUrl.plist */ = {isa = PBXFileReference; fileEncoding = 4; lastKnownFileType = text.plist.xml; path = BaseUrl.plist; sourceTree = "<group>"; };
		21E06D5D207B451A0011D46C /* SwiftDemo.app */ = {isa = PBXFileReference; explicitFileType = wrapper.application; includeInIndex = 0; path = SwiftDemo.app; sourceTree = BUILT_PRODUCTS_DIR; };
		21E06D60207B451A0011D46C /* AppDelegate.swift */ = {isa = PBXFileReference; lastKnownFileType = sourcecode.swift; path = AppDelegate.swift; sourceTree = "<group>"; };
		21E06D62207B451A0011D46C /* ViewController.swift */ = {isa = PBXFileReference; lastKnownFileType = sourcecode.swift; path = ViewController.swift; sourceTree = "<group>"; };
		21E06D65207B451A0011D46C /* Base */ = {isa = PBXFileReference; lastKnownFileType = file.storyboard; name = Base; path = Base.lproj/Main.storyboard; sourceTree = "<group>"; };
		21E06D67207B451C0011D46C /* Assets.xcassets */ = {isa = PBXFileReference; lastKnownFileType = folder.assetcatalog; path = Assets.xcassets; sourceTree = "<group>"; };
		21E06D6A207B451C0011D46C /* Base */ = {isa = PBXFileReference; lastKnownFileType = file.storyboard; name = Base; path = Base.lproj/LaunchScreen.storyboard; sourceTree = "<group>"; };
		21E06D6C207B451C0011D46C /* Info.plist */ = {isa = PBXFileReference; lastKnownFileType = text.plist.xml; path = Info.plist; sourceTree = "<group>"; };
/* End PBXFileReference section */

/* Begin PBXFrameworksBuildPhase section */
		21E06D5A207B451A0011D46C /* Frameworks */ = {
			isa = PBXFrameworksBuildPhase;
			buildActionMask = 2147483647;
			files = (
			);
			runOnlyForDeploymentPostprocessing = 0;
		};
/* End PBXFrameworksBuildPhase section */

/* Begin PBXGroup section */
		21E06D54207B451A0011D46C = {
			isa = PBXGroup;
			children = (
				21E06D5F207B451A0011D46C /* SwiftDemo */,
				21E06D5E207B451A0011D46C /* Products */,
			);
			sourceTree = "<group>";
		};
		21E06D5E207B451A0011D46C /* Products */ = {
			isa = PBXGroup;
			children = (
				21E06D5D207B451A0011D46C /* SwiftDemo.app */,
			);
			name = Products;
			sourceTree = "<group>";
		};
		21E06D5F207B451A0011D46C /* SwiftDemo */ = {
			isa = PBXGroup;
			children = (
				219C7F2C219171FC004CCB69 /* MacroFile.swift */,
				21E06D60207B451A0011D46C /* AppDelegate.swift */,
				219C7F3321918794004CCB69 /* SecondViewController.h */,
				219C7F3421918794004CCB69 /* SecondViewController.m */,
				21E06D62207B451A0011D46C /* ViewController.swift */,
				219C7F2E2191781F004CCB69 /* MyTableViewCell.swift */,
				219C7F2F2191781F004CCB69 /* MyTableViewCell.xib */,
				21DF452021941B820027E4EE /* BaseUrl.plist */,
				21E06D64207B451A0011D46C /* Main.storyboard */,
				21E06D67207B451C0011D46C /* Assets.xcassets */,
				21E06D69207B451C0011D46C /* LaunchScreen.storyboard */,
				21E06D6C207B451C0011D46C /* Info.plist */,
				219C7F3221918794004CCB69 /* SwiftDemo-Bridging-Header.h */,
			);
			path = SwiftDemo;
			sourceTree = "<group>";
		};
/* End PBXGroup section */

/* Begin PBXNativeTarget section */
		21E06D5C207B451A0011D46C /* SwiftDemo */ = {
			isa = PBXNativeTarget;
			buildConfigurationList = 21E06D6F207B451C0011D46C /* Build configuration list for PBXNativeTarget "SwiftDemo" */;
			buildPhases = (
				21E06D59207B451A0011D46C /* Sources */,
				21E06D5A207B451A0011D46C /* Frameworks */,
				21E06D5B207B451A0011D46C /* Resources */,
			);
			buildRules = (
			);
			dependencies = (
			);
			name = SwiftDemo;
			productName = SwiftDemo;
			productReference = 21E06D5D207B451A0011D46C /* SwiftDemo.app */;
			productType = "com.apple.product-type.application";
		};
/* End PBXNativeTarget section */

/* Begin PBXProject section */
		21E06D55207B451A0011D46C /* Project object */ = {
			isa = PBXProject;
			attributes = {
				LastSwiftUpdateCheck = 0930;
				LastUpgradeCheck = 0930;
				ORGANIZATIONNAME = zhouzhiyong;
				TargetAttributes = {
					21E06D5C207B451A0011D46C = {
						CreatedOnToolsVersion = 9.3;
						LastSwiftMigration = 1010;
					};
				};
			};
			buildConfigurationList = 21E06D58207B451A0011D46C /* Build configuration list for PBXProject "SwiftDemo" */;
			compatibilityVersion = "Xcode 9.3";
			developmentRegion = en;
			hasScannedForEncodings = 0;
			knownRegions = (
				en,
				Base,
			);
			mainGroup = 21E06D54207B451A0011D46C;
			productRefGroup = 21E06D5E207B451A0011D46C /* Products */;
			projectDirPath = "";
			projectRoot = "";
			targets = (
				21E06D5C207B451A0011D46C /* SwiftDemo */,
			);
		};
/* End PBXProject section */

/* Begin PBXResourcesBuildPhase section */
		21E06D5B207B451A0011D46C /* Resources */ = {
			isa = PBXResourcesBuildPhase;
			buildActionMask = 2147483647;
			files = (
				21E06D6B207B451C0011D46C /* LaunchScreen.storyboard in Resources */,
				21DF452121941B820027E4EE /* BaseUrl.plist in Resources */,
				219C7F312191781F004CCB69 /* MyTableViewCell.xib in Resources */,
				21E06D68207B451C0011D46C /* Assets.xcassets in Resources */,
				21E06D66207B451A0011D46C /* Main.storyboard in Resources */,
			);
			runOnlyForDeploymentPostprocessing = 0;
		};
/* End PBXResourcesBuildPhase section */

/* Begin PBXSourcesBuildPhase section */
		21E06D59207B451A0011D46C /* Sources */ = {
			isa = PBXSourcesBuildPhase;
			buildActionMask = 2147483647;
			files = (
				219C7F3521918794004CCB69 /* SecondViewController.m in Sources */,
				21E06D63207B451A0011D46C /* ViewController.swift in Sources */,
				219C7F302191781F004CCB69 /* MyTableViewCell.swift in Sources */,
				219C7F2D219171FC004CCB69 /* MacroFile.swift in Sources */,
				21E06D61207B451A0011D46C /* AppDelegate.swift in Sources */,
			);
			runOnlyForDeploymentPostprocessing = 0;
		};
/* End PBXSourcesBuildPhase section */

/* Begin PBXVariantGroup section */
		21E06D64207B451A0011D46C /* Main.storyboard */ = {
			isa = PBXVariantGroup;
			children = (
				21E06D65207B451A0011D46C /* Base */,
			);
			name = Main.storyboard;
			sourceTree = "<group>";
		};
		21E06D69207B451C0011D46C /* LaunchScreen.storyboard */ = {
			isa = PBXVariantGroup;
			children = (
				21E06D6A207B451C0011D46C /* Base */,
			);
			name = LaunchScreen.storyboard;
			sourceTree = "<group>";
		};
/* End PBXVariantGroup section */

/* Begin XCBuildConfiguration section */
		21E06D6D207B451C0011D46C /* Debug */ = {
			isa = XCBuildConfiguration;
			buildSettings = {
				ALWAYS_SEARCH_USER_PATHS = NO;
				CLANG_ANALYZER_NONNULL = YES;
				CLANG_ANALYZER_NUMBER_OBJECT_CONVERSION = YES_AGGRESSIVE;
				CLANG_CXX_LANGUAGE_STANDARD = "gnu++14";
				CLANG_CXX_LIBRARY = "libc++";
				CLANG_ENABLE_MODULES = YES;
				CLANG_ENABLE_OBJC_ARC = YES;
				CLANG_ENABLE_OBJC_WEAK = YES;
				CLANG_WARN_BLOCK_CAPTURE_AUTORELEASING = YES;
				CLANG_WARN_BOOL_CONVERSION = YES;
				CLANG_WARN_COMMA = YES;
				CLANG_WARN_CONSTANT_CONVERSION = YES;
				CLANG_WARN_DEPRECATED_OBJC_IMPLEMENTATIONS = YES;
				CLANG_WARN_DIRECT_OBJC_ISA_USAGE = YES_ERROR;
				CLANG_WARN_DOCUMENTATION_COMMENTS = YES;
				CLANG_WARN_EMPTY_BODY = YES;
				CLANG_WARN_ENUM_CONVERSION = YES;
				CLANG_WARN_INFINITE_RECURSION = YES;
				CLANG_WARN_INT_CONVERSION = YES;
				CLANG_WARN_NON_LITERAL_NULL_CONVERSION = YES;
				CLANG_WARN_OBJC_IMPLICIT_RETAIN_SELF = YES;
				CLANG_WARN_OBJC_LITERAL_CONVERSION = YES;
				CLANG_WARN_OBJC_ROOT_CLASS = YES_ERROR;
				CLANG_WARN_RANGE_LOOP_ANALYSIS = YES;
				CLANG_WARN_STRICT_PROTOTYPES = YES;
				CLANG_WARN_SUSPICIOUS_MOVE = YES;
				CLANG_WARN_UNGUARDED_AVAILABILITY = YES_AGGRESSIVE;
				CLANG_WARN_UNREACHABLE_CODE = YES;
				CLANG_WARN__DUPLICATE_METHOD_MATCH = YES;
				CODE_SIGN_IDENTITY = "iPhone Developer";
				COPY_PHASE_STRIP = NO;
				DEBUG_INFORMATION_FORMAT = dwarf;
				ENABLE_STRICT_OBJC_MSGSEND = YES;
				ENABLE_TESTABILITY = YES;
				GCC_C_LANGUAGE_STANDARD = gnu11;
				GCC_DYNAMIC_NO_PIC = NO;
				GCC_NO_COMMON_BLOCKS = YES;
				GCC_OPTIMIZATION_LEVEL = 0;
				GCC_PREPROCESSOR_DEFINITIONS = (
					"DEBUG=1",
					"$(inherited)",
				);
				GCC_WARN_64_TO_32_BIT_CONVERSION = YES;
				GCC_WARN_ABOUT_RETURN_TYPE = YES_ERROR;
				GCC_WARN_UNDECLARED_SELECTOR = YES;
				GCC_WARN_UNINITIALIZED_AUTOS = YES_AGGRESSIVE;
				GCC_WARN_UNUSED_FUNCTION = YES;
				GCC_WARN_UNUSED_VARIABLE = YES;
				IPHONEOS_DEPLOYMENT_TARGET = 11.3;
				MTL_ENABLE_DEBUG_INFO = YES;
				ONLY_ACTIVE_ARCH = YES;
				SDKROOT = iphoneos;
				SWIFT_ACTIVE_COMPILATION_CONDITIONS = DEBUG;
				SWIFT_OPTIMIZATION_LEVEL = "-Onone";
			};
			name = Debug;
		};
		21E06D6E207B451C0011D46C /* Release */ = {
			isa = XCBuildConfiguration;
			buildSettings = {
				ALWAYS_SEARCH_USER_PATHS = NO;
				CLANG_ANALYZER_NONNULL = YES;
				CLANG_ANALYZER_NUMBER_OBJECT_CONVERSION = YES_AGGRESSIVE;
				CLANG_CXX_LANGUAGE_STANDARD = "gnu++14";
				CLANG_CXX_LIBRARY = "libc++";
				CLANG_ENABLE_MODULES = YES;
				CLANG_ENABLE_OBJC_ARC = YES;
				CLANG_ENABLE_OBJC_WEAK = YES;
				CLANG_WARN_BLOCK_CAPTURE_AUTORELEASING = YES;
				CLANG_WARN_BOOL_CONVERSION = YES;
				CLANG_WARN_COMMA = YES;
				CLANG_WARN_CONSTANT_CONVERSION = YES;
				CLANG_WARN_DEPRECATED_OBJC_IMPLEMENTATIONS = YES;
				CLANG_WARN_DIRECT_OBJC_ISA_USAGE = YES_ERROR;
				CLANG_WARN_DOCUMENTATION_COMMENTS = YES;
				CLANG_WARN_EMPTY_BODY = YES;
				CLANG_WARN_ENUM_CONVERSION = YES;
				CLANG_WARN_INFINITE_RECURSION = YES;
				CLANG_WARN_INT_CONVERSION = YES;
				CLANG_WARN_NON_LITERAL_NULL_CONVERSION = YES;
				CLANG_WARN_OBJC_IMPLICIT_RETAIN_SELF = YES;
				CLANG_WARN_OBJC_LITERAL_CONVERSION = YES;
				CLANG_WARN_OBJC_ROOT_CLASS = YES_ERROR;
				CLANG_WARN_RANGE_LOOP_ANALYSIS = YES;
				CLANG_WARN_STRICT_PROTOTYPES = YES;
				CLANG_WARN_SUSPICIOUS_MOVE = YES;
				CLANG_WARN_UNGUARDED_AVAILABILITY = YES_AGGRESSIVE;
				CLANG_WARN_UNREACHABLE_CODE = YES;
				CLANG_WARN__DUPLICATE_METHOD_MATCH = YES;
				CODE_SIGN_IDENTITY = "iPhone Developer";
				COPY_PHASE_STRIP = NO;
				DEBUG_INFORMATION_FORMAT = "dwarf-with-dsym";
				ENABLE_NS_ASSERTIONS = NO;
				ENABLE_STRICT_OBJC_MSGSEND = YES;
				GCC_C_LANGUAGE_STANDARD = gnu11;
				GCC_NO_COMMON_BLOCKS = YES;
				GCC_WARN_64_TO_32_BIT_CONVERSION = YES;
				GCC_WARN_ABOUT_RETURN_TYPE = YES_ERROR;
				GCC_WARN_UNDECLARED_SELECTOR = YES;
				GCC_WARN_UNINITIALIZED_AUTOS = YES_AGGRESSIVE;
				GCC_WARN_UNUSED_FUNCTION = YES;
				GCC_WARN_UNUSED_VARIABLE = YES;
				IPHONEOS_DEPLOYMENT_TARGET = 11.3;
				MTL_ENABLE_DEBUG_INFO = NO;
				SDKROOT = iphoneos;
				SWIFT_COMPILATION_MODE = wholemodule;
				SWIFT_OPTIMIZATION_LEVEL = "-O";
				VALIDATE_PRODUCT = YES;
			};
			name = Release;
		};
		21E06D70207B451C0011D46C /* Debug */ = {
			isa = XCBuildConfiguration;
			buildSettings = {
				ASSETCATALOG_COMPILER_APPICON_NAME = AppIcon;
				CLANG_ENABLE_MODULES = YES;
				CODE_SIGN_STYLE = Automatic;
				INFOPLIST_FILE = SwiftDemo/Info.plist;
				LD_RUNPATH_SEARCH_PATHS = (
					"$(inherited)",
					"@executable_path/Frameworks",
				);
				PRODUCT_BUNDLE_IDENTIFIER = zhiyong.SwiftDemo;
				PRODUCT_NAME = "$(TARGET_NAME)";
				SWIFT_OBJC_BRIDGING_HEADER = "SwiftDemo/SwiftDemo-Bridging-Header.h";
				SWIFT_OPTIMIZATION_LEVEL = "-Onone";
				SWIFT_VERSION = 4.0;
				TARGETED_DEVICE_FAMILY = "1,2";
			};
			name = Debug;
		};
		21E06D71207B451C0011D46C /* Release */ = {
			isa = XCBuildConfiguration;
			buildSettings = {
				ASSETCATALOG_COMPILER_APPICON_NAME = AppIcon;
				CLANG_ENABLE_MODULES = YES;
				CODE_SIGN_STYLE = Automatic;
				INFOPLIST_FILE = SwiftDemo/Info.plist;
				LD_RUNPATH_SEARCH_PATHS = (
					"$(inherited)",
					"@executable_path/Frameworks",
				);
				PRODUCT_BUNDLE_IDENTIFIER = zhiyong.SwiftDemo;
				PRODUCT_NAME = "$(TARGET_NAME)";
				SWIFT_OBJC_BRIDGING_HEADER = "SwiftDemo/SwiftDemo-Bridging-Header.h";
				SWIFT_VERSION = 4.0;
				TARGETED_DEVICE_FAMILY = "1,2";
			};
			name = Release;
		};
/* End XCBuildConfiguration section */

/* Begin XCConfigurationList section */
		21E06D58207B451A0011D46C /* Build configuration list for PBXProject "SwiftDemo" */ = {
			isa = XCConfigurationList;
			buildConfigurations = (
				21E06D6D207B451C0011D46C /* Debug */,
				21E06D6E207B451C0011D46C /* Release */,
			);
			defaultConfigurationIsVisible = 0;
			defaultConfigurationName = Release;
		};
		21E06D6F207B451C0011D46C /* Build configuration list for PBXNativeTarget "SwiftDemo" */ = {
			isa = XCConfigurationList;
			buildConfigurations = (
				21E06D70207B451C0011D46C /* Debug */,
				21E06D71207B451C0011D46C /* Release */,
			);
			defaultConfigurationIsVisible = 0;
			defaultConfigurationName = Release;
		};
/* End XCConfigurationList section */
	};
	rootObject = 21E06D55207B451A0011D46C /* Project object */;
}
